// !$*UTF8*$!
{
	archiveVersion = 1;
	classes = {
	};
	objectVersion = 50;
	objects = {

/* Begin PBXBuildFile section */
		74AF8F452416497F00C0C022 /* AppDelegate.swift in Sources */ = {isa = PBXBuildFile; fileRef = 74AF8F442416497F00C0C022 /* AppDelegate.swift */; };
		74AF8F472416497F00C0C022 /* ViewController.swift in Sources */ = {isa = PBXBuildFile; fileRef = 74AF8F462416497F00C0C022 /* ViewController.swift */; };
		74AF8F4A2416497F00C0C022 /* Main.storyboard in Resources */ = {isa = PBXBuildFile; fileRef = 74AF8F482416497F00C0C022 /* Main.storyboard */; };
		74AF8F4C2416498300C0C022 /* Assets.xcassets in Resources */ = {isa = PBXBuildFile; fileRef = 74AF8F4B2416498300C0C022 /* Assets.xcassets */; };
		74AF8F4F2416498300C0C022 /* LaunchScreen.storyboard in Resources */ = {isa = PBXBuildFile; fileRef = 74AF8F4D2416498300C0C022 /* LaunchScreen.storyboard */; };
		74AF8F5A2416498300C0C022 /* jsqTests.swift in Sources */ = {isa = PBXBuildFile; fileRef = 74AF8F592416498300C0C022 /* jsqTests.swift */; };
		74AF8F652416498300C0C022 /* jsqUITests.swift in Sources */ = {isa = PBXBuildFile; fileRef = 74AF8F642416498300C0C022 /* jsqUITests.swift */; };
/* End PBXBuildFile section */

/* Begin PBXContainerItemProxy section */
		74AF8F562416498300C0C022 /* PBXContainerItemProxy */ = {
			isa = PBXContainerItemProxy;
			containerPortal = 74AF8F392416497F00C0C022 /* Project object */;
			proxyType = 1;
			remoteGlobalIDString = 74AF8F402416497F00C0C022;
			remoteInfo = jsq;
		};
		74AF8F612416498300C0C022 /* PBXContainerItemProxy */ = {
			isa = PBXContainerItemProxy;
			containerPortal = 74AF8F392416497F00C0C022 /* Project object */;
			proxyType = 1;
			remoteGlobalIDString = 74AF8F402416497F00C0C022;
			remoteInfo = jsq;
		};
/* End PBXContainerItemProxy section */

/* Begin PBXFileReference section */
		74AF8F412416497F00C0C022 /* jsq.app */ = {isa = PBXFileReference; explicitFileType = wrapper.application; includeInIndex = 0; path = jsq.app; sourceTree = BUILT_PRODUCTS_DIR; };
		74AF8F442416497F00C0C022 /* AppDelegate.swift */ = {isa = PBXFileReference; lastKnownFileType = sourcecode.swift; path = AppDelegate.swift; sourceTree = "<group>"; };
		74AF8F462416497F00C0C022 /* ViewController.swift */ = {isa = PBXFileReference; lastKnownFileType = sourcecode.swift; path = ViewController.swift; sourceTree = "<group>"; };
		74AF8F492416497F00C0C022 /* Base */ = {isa = PBXFileReference; lastKnownFileType = file.storyboard; name = Base; path = Base.lproj/Main.storyboard; sourceTree = "<group>"; };
		74AF8F4B2416498300C0C022 /* Assets.xcassets */ = {isa = PBXFileReference; lastKnownFileType = folder.assetcatalog; path = Assets.xcassets; sourceTree = "<group>"; };
		74AF8F4E2416498300C0C022 /* Base */ = {isa = PBXFileReference; lastKnownFileType = file.storyboard; name = Base; path = Base.lproj/LaunchScreen.storyboard; sourceTree = "<group>"; };
		74AF8F502416498300C0C022 /* Info.plist */ = {isa = PBXFileReference; lastKnownFileType = text.plist.xml; path = Info.plist; sourceTree = "<group>"; };
		74AF8F552416498300C0C022 /* jsqTests.xctest */ = {isa = PBXFileReference; explicitFileType = wrapper.cfbundle; includeInIndex = 0; path = jsqTests.xctest; sourceTree = BUILT_PRODUCTS_DIR; };
		74AF8F592416498300C0C022 /* jsqTests.swift */ = {isa = PBXFileReference; lastKnownFileType = sourcecode.swift; path = jsqTests.swift; sourceTree = "<group>"; };
		74AF8F5B2416498300C0C022 /* Info.plist */ = {isa = PBXFileReference; lastKnownFileType = text.plist.xml; path = Info.plist; sourceTree = "<group>"; };
		74AF8F602416498300C0C022 /* jsqUITests.xctest */ = {isa = PBXFileReference; explicitFileType = wrapper.cfbundle; includeInIndex = 0; path = jsqUITests.xctest; sourceTree = BUILT_PRODUCTS_DIR; };
		74AF8F642416498300C0C022 /* jsqUITests.swift */ = {isa = PBXFileReference; lastKnownFileType = sourcecode.swift; path = jsqUITests.swift; sourceTree = "<group>"; };
		74AF8F662416498300C0C022 /* Info.plist */ = {isa = PBXFileReference; lastKnownFileType = text.plist.xml; path = Info.plist; sourceTree = "<group>"; };
/* End PBXFileReference section */

/* Begin PBXFrameworksBuildPhase section */
		74AF8F3E2416497F00C0C022 /* Frameworks */ = {
			isa = PBXFrameworksBuildPhase;
			buildActionMask = 2147483647;
			files = (
			);
			runOnlyForDeploymentPostprocessing = 0;
		};
		74AF8F522416498300C0C022 /* Frameworks */ = {
			isa = PBXFrameworksBuildPhase;
			buildActionMask = 2147483647;
			files = (
			);
			runOnlyForDeploymentPostprocessing = 0;
		};
		74AF8F5D2416498300C0C022 /* Frameworks */ = {
			isa = PBXFrameworksBuildPhase;
			buildActionMask = 2147483647;
			files = (
			);
			runOnlyForDeploymentPostprocessing = 0;
		};
/* End PBXFrameworksBuildPhase section */

/* Begin PBXGroup section */
		74AF8F382416497F00C0C022 = {
			isa = PBXGroup;
			children = (
				74AF8F432416497F00C0C022 /* jsq */,
				74AF8F582416498300C0C022 /* jsqTests */,
				74AF8F632416498300C0C022 /* jsqUITests */,
				74AF8F422416497F00C0C022 /* Products */,
			);
			sourceTree = "<group>";
		};
		74AF8F422416497F00C0C022 /* Products */ = {
			isa = PBXGroup;
			children = (
				74AF8F412416497F00C0C022 /* jsq.app */,
				74AF8F552416498300C0C022 /* jsqTests.xctest */,
				74AF8F602416498300C0C022 /* jsqUITests.xctest */,
			);
			name = Products;
			sourceTree = "<group>";
		};
		74AF8F432416497F00C0C022 /* jsq */ = {
			isa = PBXGroup;
			children = (
				74AF8F442416497F00C0C022 /* AppDelegate.swift */,
				74AF8F462416497F00C0C022 /* ViewController.swift */,
				74AF8F482416497F00C0C022 /* Main.storyboard */,
				74AF8F4B2416498300C0C022 /* Assets.xcassets */,
				74AF8F4D2416498300C0C022 /* LaunchScreen.storyboard */,
				74AF8F502416498300C0C022 /* Info.plist */,
			);
			path = jsq;
			sourceTree = "<group>";
		};
		74AF8F582416498300C0C022 /* jsqTests */ = {
			isa = PBXGroup;
			children = (
				74AF8F592416498300C0C022 /* jsqTests.swift */,
				74AF8F5B2416498300C0C022 /* Info.plist */,
			);
			path = jsqTests;
			sourceTree = "<group>";
		};
		74AF8F632416498300C0C022 /* jsqUITests */ = {
			isa = PBXGroup;
			children = (
				74AF8F642416498300C0C022 /* jsqUITests.swift */,
				74AF8F662416498300C0C022 /* Info.plist */,
			);
			path = jsqUITests;
			sourceTree = "<group>";
		};
/* End PBXGroup section */

/* Begin PBXNativeTarget section */
		74AF8F402416497F00C0C022 /* jsq */ = {
			isa = PBXNativeTarget;
			buildConfigurationList = 74AF8F692416498300C0C022 /* Build configuration list for PBXNativeTarget "jsq" */;
			buildPhases = (
				74AF8F3D2416497F00C0C022 /* Sources */,
				74AF8F3E2416497F00C0C022 /* Frameworks */,
				74AF8F3F2416497F00C0C022 /* Resources */,
			);
			buildRules = (
			);
			dependencies = (
			);
			name = jsq;
			productName = jsq;
			productReference = 74AF8F412416497F00C0C022 /* jsq.app */;
			productType = "com.apple.product-type.application";
		};
		74AF8F542416498300C0C022 /* jsqTests */ = {
			isa = PBXNativeTarget;
			buildConfigurationList = 74AF8F6C2416498300C0C022 /* Build configuration list for PBXNativeTarget "jsqTests" */;
			buildPhases = (
				74AF8F512416498300C0C022 /* Sources */,
				74AF8F522416498300C0C022 /* Frameworks */,
				74AF8F532416498300C0C022 /* Resources */,
			);
			buildRules = (
			);
			dependencies = (
				74AF8F572416498300C0C022 /* PBXTargetDependency */,
			);
			name = jsqTests;
			productName = jsqTests;
			productReference = 74AF8F552416498300C0C022 /* jsqTests.xctest */;
			productType = "com.apple.product-type.bundle.unit-test";
		};
		74AF8F5F2416498300C0C022 /* jsqUITests */ = {
			isa = PBXNativeTarget;
			buildConfigurationList = 74AF8F6F2416498300C0C022 /* Build configuration list for PBXNativeTarget "jsqUITests" */;
			buildPhases = (
				74AF8F5C2416498300C0C022 /* Sources */,
				74AF8F5D2416498300C0C022 /* Frameworks */,
				74AF8F5E2416498300C0C022 /* Resources */,
			);
			buildRules = (
			);
			dependencies = (
				74AF8F622416498300C0C022 /* PBXTargetDependency */,
			);
			name = jsqUITests;
			productName = jsqUITests;
			productReference = 74AF8F602416498300C0C022 /* jsqUITests.xctest */;
			productType = "com.apple.product-type.bundle.ui-testing";
		};
/* End PBXNativeTarget section */

/* Begin PBXProject section */
		74AF8F392416497F00C0C022 /* Project object */ = {
			isa = PBXProject;
			attributes = {
				LastSwiftUpdateCheck = 1010;
				LastUpgradeCheck = 1010;
				ORGANIZATIONNAME = chen;
				TargetAttributes = {
					74AF8F402416497F00C0C022 = {
						CreatedOnToolsVersion = 10.1;
					};
					74AF8F542416498300C0C022 = {
						CreatedOnToolsVersion = 10.1;
						TestTargetID = 74AF8F402416497F00C0C022;
					};
					74AF8F5F2416498300C0C022 = {
						CreatedOnToolsVersion = 10.1;
						TestTargetID = 74AF8F402416497F00C0C022;
					};
				};
			};
			buildConfigurationList = 74AF8F3C2416497F00C0C022 /* Build configuration list for PBXProject "jsq" */;
			compatibilityVersion = "Xcode 9.3";
			developmentRegion = en;
			hasScannedForEncodings = 0;
			knownRegions = (
				en,
				Base,
			);
			mainGroup = 74AF8F382416497F00C0C022;
			productRefGroup = 74AF8F422416497F00C0C022 /* Products */;
			projectDirPath = "";
			projectRoot = "";
			targets = (
				74AF8F402416497F00C0C022 /* jsq */,
				74AF8F542416498300C0C022 /* jsqTests */,
				74AF8F5F2416498300C0C022 /* jsqUITests */,
			);
		};
/* End PBXProject section */

/* Begin PBXResourcesBuildPhase section */
		74AF8F3F2416497F00C0C022 /* Resources */ = {
			isa = PBXResourcesBuildPhase;
			buildActionMask = 2147483647;
			files = (
				74AF8F4F2416498300C0C022 /* LaunchScreen.storyboard in Resources */,
				74AF8F4C2416498300C0C022 /* Assets.xcassets in Resources */,
				74AF8F4A2416497F00C0C022 /* Main.storyboard in Resources */,
			);
			runOnlyForDeploymentPostprocessing = 0;
		};
		74AF8F532416498300C0C022 /* Resources */ = {
			isa = PBXResourcesBuildPhase;
			buildActionMask = 2147483647;
			files = (
			);
			runOnlyForDeploymentPostprocessing = 0;
		};
		74AF8F5E2416498300C0C022 /* Resources */ = {
			isa = PBXResourcesBuildPhase;
			buildActionMask = 2147483647;
			files = (
			);
			runOnlyForDeploymentPostprocessing = 0;
		};
/* End PBXResourcesBuildPhase section */

/* Begin PBXSourcesBuildPhase section */
		74AF8F3D2416497F00C0C022 /* Sources */ = {
			isa = PBXSourcesBuildPhase;
			buildActionMask = 2147483647;
			files = (
				74AF8F472416497F00C0C022 /* ViewController.swift in Sources */,
				74AF8F452416497F00C0C022 /* AppDelegate.swift in Sources */,
			);
			runOnlyForDeploymentPostprocessing = 0;
		};
		74AF8F512416498300C0C022 /* Sources */ = {
			isa = PBXSourcesBuildPhase;
			buildActionMask = 2147483647;
			files = (
				74AF8F5A2416498300C0C022 /* jsqTests.swift in Sources */,
			);
			runOnlyForDeploymentPostprocessing = 0;
		};
		74AF8F5C2416498300C0C022 /* Sources */ = {
			isa = PBXSourcesBuildPhase;
			buildActionMask = 2147483647;
			files = (
				74AF8F652416498300C0C022 /* jsqUITests.swift in Sources */,
			);
			runOnlyForDeploymentPostprocessing = 0;
		};
/* End PBXSourcesBuildPhase section */

/* Begin PBXTargetDependency section */
		74AF8F572416498300C0C022 /* PBXTargetDependency */ = {
			isa = PBXTargetDependency;
			target = 74AF8F402416497F00C0C022 /* jsq */;
			targetProxy = 74AF8F562416498300C0C022 /* PBXContainerItemProxy */;
		};
		74AF8F622416498300C0C022 /* PBXTargetDependency */ = {
			isa = PBXTargetDependency;
			target = 74AF8F402416497F00C0C022 /* jsq */;
			targetProxy = 74AF8F612416498300C0C022 /* PBXContainerItemProxy */;
		};
/* End PBXTargetDependency section */

/* Begin PBXVariantGroup section */
		74AF8F482416497F00C0C022 /* Main.storyboard */ = {
			isa = PBXVariantGroup;
			children = (
				74AF8F492416497F00C0C022 /* Base */,
			);
			name = Main.storyboard;
			sourceTree = "<group>";
		};
		74AF8F4D2416498300C0C022 /* LaunchScreen.storyboard */ = {
			isa = PBXVariantGroup;
			children = (
				74AF8F4E2416498300C0C022 /* Base */,
			);
			name = LaunchScreen.storyboard;
			sourceTree = "<group>";
		};
/* End PBXVariantGroup section */

/* Begin XCBuildConfiguration section */
		74AF8F672416498300C0C022 /* Debug */ = {
			isa = XCBuildConfiguration;
			buildSettings = {
				ALWAYS_SEARCH_USER_PATHS = NO;
				CLANG_ANALYZER_NONNULL = YES;
				CLANG_ANALYZER_NUMBER_OBJECT_CONVERSION = YES_AGGRESSIVE;
				CLANG_CXX_LANGUAGE_STANDARD = "gnu++14";
				CLANG_CXX_LIBRARY = "libc++";
				CLANG_ENABLE_MODULES = YES;
				CLANG_ENABLE_OBJC_ARC = YES;
				CLANG_ENABLE_OBJC_WEAK = YES;
				CLANG_WARN_BLOCK_CAPTURE_AUTORELEASING = YES;
				CLANG_WARN_BOOL_CONVERSION = YES;
				CLANG_WARN_COMMA = YES;
				CLANG_WARN_CONSTANT_CONVERSION = YES;
				CLANG_WARN_DEPRECATED_OBJC_IMPLEMENTATIONS = YES;
				CLANG_WARN_DIRECT_OBJC_ISA_USAGE = YES_ERROR;
				CLANG_WARN_DOCUMENTATION_COMMENTS = YES;
				CLANG_WARN_EMPTY_BODY = YES;
				CLANG_WARN_ENUM_CONVERSION = YES;
				CLANG_WARN_INFINITE_RECURSION = YES;
				CLANG_WARN_INT_CONVERSION = YES;
				CLANG_WARN_NON_LITERAL_NULL_CONVERSION = YES;
				CLANG_WARN_OBJC_IMPLICIT_RETAIN_SELF = YES;
				CLANG_WARN_OBJC_LITERAL_CONVERSION = YES;
				CLANG_WARN_OBJC_ROOT_CLASS = YES_ERROR;
				CLANG_WARN_RANGE_LOOP_ANALYSIS = YES;
				CLANG_WARN_STRICT_PROTOTYPES = YES;
				CLANG_WARN_SUSPICIOUS_MOVE = YES;
				CLANG_WARN_UNGUARDED_AVAILABILITY = YES_AGGRESSIVE;
				CLANG_WARN_UNREACHABLE_CODE = YES;
				CLANG_WARN__DUPLICATE_METHOD_MATCH = YES;
				CODE_SIGN_IDENTITY = "iPhone Developer";
				COPY_PHASE_STRIP = NO;
				DEBUG_INFORMATION_FORMAT = dwarf;
				ENABLE_STRICT_OBJC_MSGSEND = YES;
				ENABLE_TESTABILITY = YES;
				GCC_C_LANGUAGE_STANDARD = gnu11;
				GCC_DYNAMIC_NO_PIC = NO;
				GCC_NO_COMMON_BLOCKS = YES;
				GCC_OPTIMIZATION_LEVEL = 0;
				GCC_PREPROCESSOR_DEFINITIONS = (
					"DEBUG=1",
					"$(inherited)",
				);
				GCC_WARN_64_TO_32_BIT_CONVERSION = YES;
				GCC_WARN_ABOUT_RETURN_TYPE = YES_ERROR;
				GCC_WARN_UNDECLARED_SELECTOR = YES;
				GCC_WARN_UNINITIALIZED_AUTOS = YES_AGGRESSIVE;
				GCC_WARN_UNUSED_FUNCTION = YES;
				GCC_WARN_UNUSED_VARIABLE = YES;
				IPHONEOS_DEPLOYMENT_TARGET = 12.1;
				MTL_ENABLE_DEBUG_INFO = INCLUDE_SOURCE;
				MTL_FAST_MATH = YES;
				ONLY_ACTIVE_ARCH = YES;
				SDKROOT = iphoneos;
				SWIFT_ACTIVE_COMPILATION_CONDITIONS = DEBUG;
				SWIFT_OPTIMIZATION_LEVEL = "-Onone";
			};
			name = Debug;
		};
		74AF8F682416498300C0C022 /* Release */ = {
			isa = XCBuildConfiguration;
			buildSettings = {
				ALWAYS_SEARCH_USER_PATHS = NO;
				CLANG_ANALYZER_NONNULL = YES;
				CLANG_ANALYZER_NUMBER_OBJECT_CONVERSION = YES_AGGRESSIVE;
				CLANG_CXX_LANGUAGE_STANDARD = "gnu++14";
				CLANG_CXX_LIBRARY = "libc++";
				CLANG_ENABLE_MODULES = YES;
				CLANG_ENABLE_OBJC_ARC = YES;
				CLANG_ENABLE_OBJC_WEAK = YES;
				CLANG_WARN_BLOCK_CAPTURE_AUTORELEASING = YES;
				CLANG_WARN_BOOL_CONVERSION = YES;
				CLANG_WARN_COMMA = YES;
				CLANG_WARN_CONSTANT_CONVERSION = YES;
				CLANG_WARN_DEPRECATED_OBJC_IMPLEMENTATIONS = YES;
				CLANG_WARN_DIRECT_OBJC_ISA_USAGE = YES_ERROR;
				CLANG_WARN_DOCUMENTATION_COMMENTS = YES;
				CLANG_WARN_EMPTY_BODY = YES;
				CLANG_WARN_ENUM_CONVERSION = YES;
				CLANG_WARN_INFINITE_RECURSION = YES;
				CLANG_WARN_INT_CONVERSION = YES;
				CLANG_WARN_NON_LITERAL_NULL_CONVERSION = YES;
				CLANG_WARN_OBJC_IMPLICIT_RETAIN_SELF = YES;
				CLANG_WARN_OBJC_LITERAL_CONVERSION = YES;
				CLANG_WARN_OBJC_ROOT_CLASS = YES_ERROR;
				CLANG_WARN_RANGE_LOOP_ANALYSIS = YES;
				CLANG_WARN_STRICT_PROTOTYPES = YES;
				CLANG_WARN_SUSPICIOUS_MOVE = YES;
				CLANG_WARN_UNGUARDED_AVAILABILITY = YES_AGGRESSIVE;
				CLANG_WARN_UNREACHABLE_CODE = YES;
				CLANG_WARN__DUPLICATE_METHOD_MATCH = YES;
				CODE_SIGN_IDENTITY = "iPhone Developer";
				COPY_PHASE_STRIP = NO;
				DEBUG_INFORMATION_FORMAT = "dwarf-with-dsym";
				ENABLE_NS_ASSERTIONS = NO;
				ENABLE_STRICT_OBJC_MSGSEND = YES;
				GCC_C_LANGUAGE_STANDARD = gnu11;
				GCC_NO_COMMON_BLOCKS = YES;
				GCC_WARN_64_TO_32_BIT_CONVERSION = YES;
				GCC_WARN_ABOUT_RETURN_TYPE = YES_ERROR;
				GCC_WARN_UNDECLARED_SELECTOR = YES;
				GCC_WARN_UNINITIALIZED_AUTOS = YES_AGGRESSIVE;
				GCC_WARN_UNUSED_FUNCTION = YES;
				GCC_WARN_UNUSED_VARIABLE = YES;
				IPHONEOS_DEPLOYMENT_TARGET = 12.1;
				MTL_ENABLE_DEBUG_INFO = NO;
				MTL_FAST_MATH = YES;
				SDKROOT = iphoneos;
				SWIFT_COMPILATION_MODE = wholemodule;
				SWIFT_OPTIMIZATION_LEVEL = "-O";
				VALIDATE_PRODUCT = YES;
			};
			name = Release;
		};
		74AF8F6A2416498300C0C022 /* Debug */ = {
			isa = XCBuildConfiguration;
			buildSettings = {
				ASSETCATALOG_COMPILER_APPICON_NAME = AppIcon;
				CODE_SIGN_STYLE = Automatic;
				INFOPLIST_FILE = jsq/Info.plist;
				LD_RUNPATH_SEARCH_PATHS = (
					"$(inherited)",
					"@executable_path/Frameworks",
				);
				PRODUCT_BUNDLE_IDENTIFIER = chen.jsq;
				PRODUCT_NAME = "$(TARGET_NAME)";
				SWIFT_VERSION = 4.2;
				TARGETED_DEVICE_FAMILY = "1,2";
			};
			name = Debug;
		};
		74AF8F6B2416498300C0C022 /* Release */ = {
			isa = XCBuildConfiguration;
			buildSettings = {
				ASSETCATALOG_COMPILER_APPICON_NAME = AppIcon;
				CODE_SIGN_STYLE = Automatic;
				INFOPLIST_FILE = jsq/Info.plist;
				LD_RUNPATH_SEARCH_PATHS = (
					"$(inherited)",
					"@executable_path/Frameworks",
				);
				PRODUCT_BUNDLE_IDENTIFIER = chen.jsq;
				PRODUCT_NAME = "$(TARGET_NAME)";
				SWIFT_VERSION = 4.2;
				TARGETED_DEVICE_FAMILY = "1,2";
			};
			name = Release;
		};
		74AF8F6D2416498300C0C022 /* Debug */ = {
			isa = XCBuildConfiguration;
			buildSettings = {
				ALWAYS_EMBED_SWIFT_STANDARD_LIBRARIES = YES;
				BUNDLE_LOADER = "$(TEST_HOST)";
				CODE_SIGN_STYLE = Automatic;
				INFOPLIST_FILE = jsqTests/Info.plist;
				LD_RUNPATH_SEARCH_PATHS = (
					"$(inherited)",
					"@executable_path/Frameworks",
					"@loader_path/Frameworks",
				);
				PRODUCT_BUNDLE_IDENTIFIER = chen.jsqTests;
				PRODUCT_NAME = "$(TARGET_NAME)";
				SWIFT_VERSION = 4.2;
				TARGETED_DEVICE_FAMILY = "1,2";
				TEST_HOST = "$(BUILT_PRODUCTS_DIR)/jsq.app/jsq";
			};
			name = Debug;
		};
		74AF8F6E2416498300C0C022 /* Release */ = {
			isa = XCBuildConfiguration;
			buildSettings = {
				ALWAYS_EMBED_SWIFT_STANDARD_LIBRARIES = YES;
				BUNDLE_LOADER = "$(TEST_HOST)";
				CODE_SIGN_STYLE = Automatic;
				INFOPLIST_FILE = jsqTests/Info.plist;
				LD_RUNPATH_SEARCH_PATHS = (
					"$(inherited)",
					"@executable_path/Frameworks",
					"@loader_path/Frameworks",
				);
				PRODUCT_BUNDLE_IDENTIFIER = chen.jsqTests;
				PRODUCT_NAME = "$(TARGET_NAME)";
				SWIFT_VERSION = 4.2;
				TARGETED_DEVICE_FAMILY = "1,2";
				TEST_HOST = "$(BUILT_PRODUCTS_DIR)/jsq.app/jsq";
			};
			name = Release;
		};
		74AF8F702416498300C0C022 /* Debug */ = {
			isa = XCBuildConfiguration;
			buildSettings = {
				ALWAYS_EMBED_SWIFT_STANDARD_LIBRARIES = YES;
				CODE_SIGN_STYLE = Automatic;
				INFOPLIST_FILE = jsqUITests/Info.plist;
				LD_RUNPATH_SEARCH_PATHS = (
					"$(inherited)",
					"@executable_path/Frameworks",
					"@loader_path/Frameworks",
				);
				PRODUCT_BUNDLE_IDENTIFIER = chen.jsqUITests;
				PRODUCT_NAME = "$(TARGET_NAME)";
				SWIFT_VERSION = 4.2;
				TARGETED_DEVICE_FAMILY = "1,2";
				TEST_TARGET_NAME = jsq;
			};
			name = Debug;
		};
		74AF8F712416498300C0C022 /* Release */ = {
			isa = XCBuildConfiguration;
			buildSettings = {
				ALWAYS_EMBED_SWIFT_STANDARD_LIBRARIES = YES;
				CODE_SIGN_STYLE = Automatic;
				INFOPLIST_FILE = jsqUITests/Info.plist;
				LD_RUNPATH_SEARCH_PATHS = (
					"$(inherited)",
					"@executable_path/Frameworks",
					"@loader_path/Frameworks",
				);
				PRODUCT_BUNDLE_IDENTIFIER = chen.jsqUITests;
				PRODUCT_NAME = "$(TARGET_NAME)";
				SWIFT_VERSION = 4.2;
				TARGETED_DEVICE_FAMILY = "1,2";
				TEST_TARGET_NAME = jsq;
			};
			name = Release;
		};
/* End XCBuildConfiguration section */

/* Begin XCConfigurationList section */
		74AF8F3C2416497F00C0C022 /* Build configuration list for PBXProject "jsq" */ = {
			isa = XCConfigurationList;
			buildConfigurations = (
				74AF8F672416498300C0C022 /* Debug */,
				74AF8F682416498300C0C022 /* Release */,
			);
			defaultConfigurationIsVisible = 0;
			defaultConfigurationName = Release;
		};
		74AF8F692416498300C0C022 /* Build configuration list for PBXNativeTarget "jsq" */ = {
			isa = XCConfigurationList;
			buildConfigurations = (
				74AF8F6A2416498300C0C022 /* Debug */,
				74AF8F6B2416498300C0C022 /* Release */,
			);
			defaultConfigurationIsVisible = 0;
			defaultConfigurationName = Release;
		};
		74AF8F6C2416498300C0C022 /* Build configuration list for PBXNativeTarget "jsqTests" */ = {
			isa = XCConfigurationList;
			buildConfigurations = (
				74AF8F6D2416498300C0C022 /* Debug */,
				74AF8F6E2416498300C0C022 /* Release */,
			);
			defaultConfigurationIsVisible = 0;
			defaultConfigurationName = Release;
		};
		74AF8F6F2416498300C0C022 /* Build configuration list for PBXNativeTarget "jsqUITests" */ = {
			isa = XCConfigurationList;
			buildConfigurations = (
				74AF8F702416498300C0C022 /* Debug */,
				74AF8F712416498300C0C022 /* Release */,
			);
			defaultConfigurationIsVisible = 0;
			defaultConfigurationName = Release;
		};
/* End XCConfigurationList section */
	};
	rootObject = 74AF8F392416497F00C0C022 /* Project object */;
}
